// !$*UTF8*$!
{
	archiveVersion = 1;
	classes = {
	};
	objectVersion = 46;
	objects = {

/* Begin PBXBuildFile section */
		270B98E81E88E37E009806B3 /* ContactViewController.swift in Sources */ = {isa = PBXBuildFile; fileRef = 270B98E71E88E37E009806B3 /* ContactViewController.swift */; };
		270B98EA1E88E39B009806B3 /* ContactDataProvider.swift in Sources */ = {isa = PBXBuildFile; fileRef = 270B98E91E88E39B009806B3 /* ContactDataProvider.swift */; };
		270B98EC1E88E618009806B3 /* ContactsResource.plist in Resources */ = {isa = PBXBuildFile; fileRef = 270B98EB1E88E618009806B3 /* ContactsResource.plist */; };
		270B98EE1E88E85E009806B3 /* Contact.swift in Sources */ = {isa = PBXBuildFile; fileRef = 270B98ED1E88E85E009806B3 /* Contact.swift */; };
		2712DA9B1E6CD78E007C0726 /* GoalViewController.swift in Sources */ = {isa = PBXBuildFile; fileRef = 2712DA9A1E6CD78E007C0726 /* GoalViewController.swift */; };
		2712DAA31E76FB85007C0726 /* SettingsViewController.swift in Sources */ = {isa = PBXBuildFile; fileRef = 2712DAA21E76FB85007C0726 /* SettingsViewController.swift */; };
		2712DAA51E789849007C0726 /* SettingsDataProvider.swift in Sources */ = {isa = PBXBuildFile; fileRef = 2712DAA41E789849007C0726 /* SettingsDataProvider.swift */; };
		2712DAA71E789A93007C0726 /* PickerInputViewCell.swift in Sources */ = {isa = PBXBuildFile; fileRef = 2712DAA61E789A93007C0726 /* PickerInputViewCell.swift */; };
		2712DAA91E7A7E73007C0726 /* GoalsResource.plist in Resources */ = {isa = PBXBuildFile; fileRef = 2712DAA81E7A7E73007C0726 /* GoalsResource.plist */; };
		27503E491E7B7D4A008B8927 /* Goal.swift in Sources */ = {isa = PBXBuildFile; fileRef = 27503E481E7B7D4A008B8927 /* Goal.swift */; };
		27503E4B1E7B80F2008B8927 /* GoalDataProvider.swift in Sources */ = {isa = PBXBuildFile; fileRef = 27503E4A1E7B80F2008B8927 /* GoalDataProvider.swift */; };
		27503E4E1E7B9440008B8927 /* GoalViewCell.swift in Sources */ = {isa = PBXBuildFile; fileRef = 27503E4D1E7B9440008B8927 /* GoalViewCell.swift */; };
		27503E501E806F91008B8927 /* EditDefaultsViewController.swift in Sources */ = {isa = PBXBuildFile; fileRef = 27503E4F1E806F91008B8927 /* EditDefaultsViewController.swift */; };
		27503E521E806FC0008B8927 /* EditDefaultsDataProvider.swift in Sources */ = {isa = PBXBuildFile; fileRef = 27503E511E806FC0008B8927 /* EditDefaultsDataProvider.swift */; };
		27503EC21E828256008B8927 /* FirstButton.swift in Sources */ = {isa = PBXBuildFile; fileRef = 27503EC11E828256008B8927 /* FirstButton.swift */; };
		2763DF291E9A0C2600BEC23D /* QuestionsViewController.swift in Sources */ = {isa = PBXBuildFile; fileRef = 2763DF281E9A0C2600BEC23D /* QuestionsViewController.swift */; };
		2763DF2B1E9A0C6500BEC23D /* QuestionsDataProvider.swift in Sources */ = {isa = PBXBuildFile; fileRef = 2763DF2A1E9A0C6500BEC23D /* QuestionsDataProvider.swift */; };
		2763DF2D1E9A0D1F00BEC23D /* QuestionsResource.plist in Resources */ = {isa = PBXBuildFile; fileRef = 2763DF2C1E9A0D1F00BEC23D /* QuestionsResource.plist */; };
		277ED3F71E6807F00026B382 /* SetUpDataProvider.swift in Sources */ = {isa = PBXBuildFile; fileRef = 277ED3F61E6807F00026B382 /* SetUpDataProvider.swift */; };
		277ED3FA1E6808590026B382 /* QuestionTableViewCell.swift in Sources */ = {isa = PBXBuildFile; fileRef = 277ED3F91E6808590026B382 /* QuestionTableViewCell.swift */; };
		277ED3FC1E681ACD0026B382 /* User.swift in Sources */ = {isa = PBXBuildFile; fileRef = 277ED3FB1E681ACD0026B382 /* User.swift */; };
		277ED3FE1E681E440026B382 /* Constants.swift in Sources */ = {isa = PBXBuildFile; fileRef = 277ED3FD1E681E440026B382 /* Constants.swift */; };
		277ED4061E6831520026B382 /* HomeViewController.swift in Sources */ = {isa = PBXBuildFile; fileRef = 277ED4051E6831520026B382 /* HomeViewController.swift */; };
		277ED4081E6831820026B382 /* HomeDataProvider.swift in Sources */ = {isa = PBXBuildFile; fileRef = 277ED4071E6831820026B382 /* HomeDataProvider.swift */; };
		277ED40A1E68C4B00026B382 /* ValueTableViewCell.swift in Sources */ = {isa = PBXBuildFile; fileRef = 277ED4091E68C4B00026B382 /* ValueTableViewCell.swift */; };
		279BD9D21EB999CF00689065 /* Answer.swift in Sources */ = {isa = PBXBuildFile; fileRef = 279BD9D11EB999CF00689065 /* Answer.swift */; };
		279BD9D41EBAAA1100689065 /* ReactionViewCell.swift in Sources */ = {isa = PBXBuildFile; fileRef = 279BD9D31EBAAA1100689065 /* ReactionViewCell.swift */; };
		27B2AC4B1E834AF300589095 /* GoalDetailViewController.swift in Sources */ = {isa = PBXBuildFile; fileRef = 27B2AC4A1E834AF300589095 /* GoalDetailViewController.swift */; };
		27B2AC4D1E834E0000589095 /* GoalDetailDataProvider.swift in Sources */ = {isa = PBXBuildFile; fileRef = 27B2AC4C1E834E0000589095 /* GoalDetailDataProvider.swift */; };
		27B2AC511E83BF0E00589095 /* GoalHeaderView.swift in Sources */ = {isa = PBXBuildFile; fileRef = 27B2AC501E83BF0E00589095 /* GoalHeaderView.swift */; };
		27BA92101E962E4D003DF0C7 /* ContactHeaderView.swift in Sources */ = {isa = PBXBuildFile; fileRef = 27BA920F1E962E4D003DF0C7 /* ContactHeaderView.swift */; };
		27BA92121E963168003DF0C7 /* ContactViewCell.swift in Sources */ = {isa = PBXBuildFile; fileRef = 27BA92111E963168003DF0C7 /* ContactViewCell.swift */; };
		27C9C7811E67FC3C0084C8B5 /* AppDelegate.swift in Sources */ = {isa = PBXBuildFile; fileRef = 27C9C7801E67FC3C0084C8B5 /* AppDelegate.swift */; };
		27C9C7881E67FC3C0084C8B5 /* Assets.xcassets in Resources */ = {isa = PBXBuildFile; fileRef = 27C9C7871E67FC3C0084C8B5 /* Assets.xcassets */; };
		27C9C7961E67FC3C0084C8B5 /* QuitNowTests.swift in Sources */ = {isa = PBXBuildFile; fileRef = 27C9C7951E67FC3C0084C8B5 /* QuitNowTests.swift */; };
		27C9C7A11E67FC3C0084C8B5 /* QuitNowUITests.swift in Sources */ = {isa = PBXBuildFile; fileRef = 27C9C7A01E67FC3C0084C8B5 /* QuitNowUITests.swift */; };
		27C9C7AF1E67FEA90084C8B5 /* SetUpViewController.swift in Sources */ = {isa = PBXBuildFile; fileRef = 27C9C7AE1E67FEA90084C8B5 /* SetUpViewController.swift */; };
		27DAF5EE1E9B0FCC003C5CAE /* Question.swift in Sources */ = {isa = PBXBuildFile; fileRef = 27DAF5ED1E9B0FCC003C5CAE /* Question.swift */; };
		27DAF5F21E9C1283003C5CAE /* ReactionViewController.swift in Sources */ = {isa = PBXBuildFile; fileRef = 27DAF5F11E9C1283003C5CAE /* ReactionViewController.swift */; };
		27DAF5F41E9C1291003C5CAE /* ReactionDataProvider.swift in Sources */ = {isa = PBXBuildFile; fileRef = 27DAF5F31E9C1291003C5CAE /* ReactionDataProvider.swift */; };
		29325C2F3C018C44FC5818FA /* Pods_QuitNow.framework in Frameworks */ = {isa = PBXBuildFile; fileRef = D3B72B8E547643DF6E1D3078 /* Pods_QuitNow.framework */; };
		7E16A0F9AF1061BFBA926305 /* Pods_QuitNowUITests.framework in Frameworks */ = {isa = PBXBuildFile; fileRef = F93D2F483DD29E2F58FC8201 /* Pods_QuitNowUITests.framework */; };
		C111F383FC78B621452997B0 /* Pods_QuitNowTests.framework in Frameworks */ = {isa = PBXBuildFile; fileRef = 954C13AC11AB7BB77FAA8481 /* Pods_QuitNowTests.framework */; };
/* End PBXBuildFile section */

/* Begin PBXContainerItemProxy section */
		27C9C7921E67FC3C0084C8B5 /* PBXContainerItemProxy */ = {
			isa = PBXContainerItemProxy;
			containerPortal = 27C9C7751E67FC3C0084C8B5 /* Project object */;
			proxyType = 1;
			remoteGlobalIDString = 27C9C77C1E67FC3C0084C8B5;
			remoteInfo = QuitNow;
		};
		27C9C79D1E67FC3C0084C8B5 /* PBXContainerItemProxy */ = {
			isa = PBXContainerItemProxy;
			containerPortal = 27C9C7751E67FC3C0084C8B5 /* Project object */;
			proxyType = 1;
			remoteGlobalIDString = 27C9C77C1E67FC3C0084C8B5;
			remoteInfo = QuitNow;
		};
/* End PBXContainerItemProxy section */

/* Begin PBXFileReference section */
		270B98E71E88E37E009806B3 /* ContactViewController.swift */ = {isa = PBXFileReference; fileEncoding = 4; lastKnownFileType = sourcecode.swift; path = ContactViewController.swift; sourceTree = "<group>"; };
		270B98E91E88E39B009806B3 /* ContactDataProvider.swift */ = {isa = PBXFileReference; fileEncoding = 4; lastKnownFileType = sourcecode.swift; path = ContactDataProvider.swift; sourceTree = "<group>"; };
		270B98EB1E88E618009806B3 /* ContactsResource.plist */ = {isa = PBXFileReference; fileEncoding = 4; lastKnownFileType = text.plist.xml; path = ContactsResource.plist; sourceTree = "<group>"; };
		270B98ED1E88E85E009806B3 /* Contact.swift */ = {isa = PBXFileReference; fileEncoding = 4; lastKnownFileType = sourcecode.swift; path = Contact.swift; sourceTree = "<group>"; };
		2712DA9A1E6CD78E007C0726 /* GoalViewController.swift */ = {isa = PBXFileReference; fileEncoding = 4; lastKnownFileType = sourcecode.swift; path = GoalViewController.swift; sourceTree = "<group>"; };
		2712DAA21E76FB85007C0726 /* SettingsViewController.swift */ = {isa = PBXFileReference; fileEncoding = 4; lastKnownFileType = sourcecode.swift; path = SettingsViewController.swift; sourceTree = "<group>"; };
		2712DAA41E789849007C0726 /* SettingsDataProvider.swift */ = {isa = PBXFileReference; fileEncoding = 4; lastKnownFileType = sourcecode.swift; path = SettingsDataProvider.swift; sourceTree = "<group>"; };
		2712DAA61E789A93007C0726 /* PickerInputViewCell.swift */ = {isa = PBXFileReference; fileEncoding = 4; lastKnownFileType = sourcecode.swift; path = PickerInputViewCell.swift; sourceTree = "<group>"; };
		2712DAA81E7A7E73007C0726 /* GoalsResource.plist */ = {isa = PBXFileReference; fileEncoding = 4; lastKnownFileType = text.plist.xml; path = GoalsResource.plist; sourceTree = "<group>"; };
		27503E481E7B7D4A008B8927 /* Goal.swift */ = {isa = PBXFileReference; fileEncoding = 4; lastKnownFileType = sourcecode.swift; path = Goal.swift; sourceTree = "<group>"; };
		27503E4A1E7B80F2008B8927 /* GoalDataProvider.swift */ = {isa = PBXFileReference; fileEncoding = 4; lastKnownFileType = sourcecode.swift; path = GoalDataProvider.swift; sourceTree = "<group>"; };
		27503E4D1E7B9440008B8927 /* GoalViewCell.swift */ = {isa = PBXFileReference; fileEncoding = 4; lastKnownFileType = sourcecode.swift; path = GoalViewCell.swift; sourceTree = "<group>"; };
		27503E4F1E806F91008B8927 /* EditDefaultsViewController.swift */ = {isa = PBXFileReference; fileEncoding = 4; lastKnownFileType = sourcecode.swift; path = EditDefaultsViewController.swift; sourceTree = "<group>"; };
		27503E511E806FC0008B8927 /* EditDefaultsDataProvider.swift */ = {isa = PBXFileReference; fileEncoding = 4; lastKnownFileType = sourcecode.swift; path = EditDefaultsDataProvider.swift; sourceTree = "<group>"; };
		27503EC11E828256008B8927 /* FirstButton.swift */ = {isa = PBXFileReference; fileEncoding = 4; lastKnownFileType = sourcecode.swift; path = FirstButton.swift; sourceTree = "<group>"; };
		2763DF281E9A0C2600BEC23D /* QuestionsViewController.swift */ = {isa = PBXFileReference; fileEncoding = 4; lastKnownFileType = sourcecode.swift; path = QuestionsViewController.swift; sourceTree = "<group>"; };
		2763DF2A1E9A0C6500BEC23D /* QuestionsDataProvider.swift */ = {isa = PBXFileReference; fileEncoding = 4; lastKnownFileType = sourcecode.swift; path = QuestionsDataProvider.swift; sourceTree = "<group>"; };
		2763DF2C1E9A0D1F00BEC23D /* QuestionsResource.plist */ = {isa = PBXFileReference; fileEncoding = 4; lastKnownFileType = text.plist.xml; path = QuestionsResource.plist; sourceTree = "<group>"; };
		277ED3F61E6807F00026B382 /* SetUpDataProvider.swift */ = {isa = PBXFileReference; fileEncoding = 4; lastKnownFileType = sourcecode.swift; path = SetUpDataProvider.swift; sourceTree = "<group>"; };
		277ED3F91E6808590026B382 /* QuestionTableViewCell.swift */ = {isa = PBXFileReference; fileEncoding = 4; lastKnownFileType = sourcecode.swift; path = QuestionTableViewCell.swift; sourceTree = "<group>"; };
		277ED3FB1E681ACD0026B382 /* User.swift */ = {isa = PBXFileReference; fileEncoding = 4; lastKnownFileType = sourcecode.swift; path = User.swift; sourceTree = "<group>"; };
		277ED3FD1E681E440026B382 /* Constants.swift */ = {isa = PBXFileReference; fileEncoding = 4; lastKnownFileType = sourcecode.swift; path = Constants.swift; sourceTree = "<group>"; };
		277ED4051E6831520026B382 /* HomeViewController.swift */ = {isa = PBXFileReference; fileEncoding = 4; lastKnownFileType = sourcecode.swift; path = HomeViewController.swift; sourceTree = "<group>"; };
		277ED4071E6831820026B382 /* HomeDataProvider.swift */ = {isa = PBXFileReference; fileEncoding = 4; lastKnownFileType = sourcecode.swift; path = HomeDataProvider.swift; sourceTree = "<group>"; };
		277ED4091E68C4B00026B382 /* ValueTableViewCell.swift */ = {isa = PBXFileReference; fileEncoding = 4; lastKnownFileType = sourcecode.swift; path = ValueTableViewCell.swift; sourceTree = "<group>"; };
		279BD9D11EB999CF00689065 /* Answer.swift */ = {isa = PBXFileReference; fileEncoding = 4; lastKnownFileType = sourcecode.swift; path = Answer.swift; sourceTree = "<group>"; };
		279BD9D31EBAAA1100689065 /* ReactionViewCell.swift */ = {isa = PBXFileReference; fileEncoding = 4; lastKnownFileType = sourcecode.swift; path = ReactionViewCell.swift; sourceTree = "<group>"; };
		27B2AC4A1E834AF300589095 /* GoalDetailViewController.swift */ = {isa = PBXFileReference; fileEncoding = 4; lastKnownFileType = sourcecode.swift; path = GoalDetailViewController.swift; sourceTree = "<group>"; };
		27B2AC4C1E834E0000589095 /* GoalDetailDataProvider.swift */ = {isa = PBXFileReference; fileEncoding = 4; lastKnownFileType = sourcecode.swift; path = GoalDetailDataProvider.swift; sourceTree = "<group>"; };
		27B2AC4F1E83A4EC00589095 /* fontawesome-webfont.ttf */ = {isa = PBXFileReference; lastKnownFileType = file; path = "fontawesome-webfont.ttf"; sourceTree = "<group>"; };
		27B2AC501E83BF0E00589095 /* GoalHeaderView.swift */ = {isa = PBXFileReference; fileEncoding = 4; lastKnownFileType = sourcecode.swift; path = GoalHeaderView.swift; sourceTree = "<group>"; };
		27BA920F1E962E4D003DF0C7 /* ContactHeaderView.swift */ = {isa = PBXFileReference; fileEncoding = 4; lastKnownFileType = sourcecode.swift; path = ContactHeaderView.swift; sourceTree = "<group>"; };
		27BA92111E963168003DF0C7 /* ContactViewCell.swift */ = {isa = PBXFileReference; fileEncoding = 4; lastKnownFileType = sourcecode.swift; path = ContactViewCell.swift; sourceTree = "<group>"; };
		27C9C77D1E67FC3C0084C8B5 /* CanQuit.app */ = {isa = PBXFileReference; explicitFileType = wrapper.application; includeInIndex = 0; path = CanQuit.app; sourceTree = BUILT_PRODUCTS_DIR; };
		27C9C7801E67FC3C0084C8B5 /* AppDelegate.swift */ = {isa = PBXFileReference; lastKnownFileType = sourcecode.swift; path = AppDelegate.swift; sourceTree = "<group>"; };
		27C9C7871E67FC3C0084C8B5 /* Assets.xcassets */ = {isa = PBXFileReference; lastKnownFileType = folder.assetcatalog; path = Assets.xcassets; sourceTree = "<group>"; };
		27C9C78C1E67FC3C0084C8B5 /* Info.plist */ = {isa = PBXFileReference; lastKnownFileType = text.plist.xml; path = Info.plist; sourceTree = "<group>"; };
		27C9C7911E67FC3C0084C8B5 /* CanQuitTests.xctest */ = {isa = PBXFileReference; explicitFileType = wrapper.cfbundle; includeInIndex = 0; path = CanQuitTests.xctest; sourceTree = BUILT_PRODUCTS_DIR; };
		27C9C7951E67FC3C0084C8B5 /* QuitNowTests.swift */ = {isa = PBXFileReference; lastKnownFileType = sourcecode.swift; path = QuitNowTests.swift; sourceTree = "<group>"; };
		27C9C7971E67FC3C0084C8B5 /* Info.plist */ = {isa = PBXFileReference; lastKnownFileType = text.plist.xml; path = Info.plist; sourceTree = "<group>"; };
		27C9C79C1E67FC3C0084C8B5 /* CanQuitUITests.xctest */ = {isa = PBXFileReference; explicitFileType = wrapper.cfbundle; includeInIndex = 0; path = CanQuitUITests.xctest; sourceTree = BUILT_PRODUCTS_DIR; };
		27C9C7A01E67FC3C0084C8B5 /* QuitNowUITests.swift */ = {isa = PBXFileReference; lastKnownFileType = sourcecode.swift; path = QuitNowUITests.swift; sourceTree = "<group>"; };
		27C9C7A21E67FC3C0084C8B5 /* Info.plist */ = {isa = PBXFileReference; lastKnownFileType = text.plist.xml; path = Info.plist; sourceTree = "<group>"; };
		27C9C7AE1E67FEA90084C8B5 /* SetUpViewController.swift */ = {isa = PBXFileReference; fileEncoding = 4; lastKnownFileType = sourcecode.swift; path = SetUpViewController.swift; sourceTree = "<group>"; };
		27DAF5ED1E9B0FCC003C5CAE /* Question.swift */ = {isa = PBXFileReference; fileEncoding = 4; lastKnownFileType = sourcecode.swift; path = Question.swift; sourceTree = "<group>"; };
		27DAF5F11E9C1283003C5CAE /* ReactionViewController.swift */ = {isa = PBXFileReference; fileEncoding = 4; lastKnownFileType = sourcecode.swift; path = ReactionViewController.swift; sourceTree = "<group>"; };
		27DAF5F31E9C1291003C5CAE /* ReactionDataProvider.swift */ = {isa = PBXFileReference; fileEncoding = 4; lastKnownFileType = sourcecode.swift; path = ReactionDataProvider.swift; sourceTree = "<group>"; };
		29837C8E7ECD2CB6CA3F24AF /* Pods-QuitNow.debug.xcconfig */ = {isa = PBXFileReference; includeInIndex = 1; lastKnownFileType = text.xcconfig; name = "Pods-QuitNow.debug.xcconfig"; path = "Pods/Target Support Files/Pods-QuitNow/Pods-QuitNow.debug.xcconfig"; sourceTree = "<group>"; };
		2B8B3F793E6991610F8302C5 /* Pods-QuitNow.release.xcconfig */ = {isa = PBXFileReference; includeInIndex = 1; lastKnownFileType = text.xcconfig; name = "Pods-QuitNow.release.xcconfig"; path = "Pods/Target Support Files/Pods-QuitNow/Pods-QuitNow.release.xcconfig"; sourceTree = "<group>"; };
		523647B303856A6A4C8404F1 /* Pods-QuitNowUITests.release.xcconfig */ = {isa = PBXFileReference; includeInIndex = 1; lastKnownFileType = text.xcconfig; name = "Pods-QuitNowUITests.release.xcconfig"; path = "Pods/Target Support Files/Pods-QuitNowUITests/Pods-QuitNowUITests.release.xcconfig"; sourceTree = "<group>"; };
		954C13AC11AB7BB77FAA8481 /* Pods_QuitNowTests.framework */ = {isa = PBXFileReference; explicitFileType = wrapper.framework; includeInIndex = 0; path = Pods_QuitNowTests.framework; sourceTree = BUILT_PRODUCTS_DIR; };
		D3B72B8E547643DF6E1D3078 /* Pods_QuitNow.framework */ = {isa = PBXFileReference; explicitFileType = wrapper.framework; includeInIndex = 0; path = Pods_QuitNow.framework; sourceTree = BUILT_PRODUCTS_DIR; };
		DBABD88496DACE2554C200AD /* Pods-QuitNowUITests.debug.xcconfig */ = {isa = PBXFileReference; includeInIndex = 1; lastKnownFileType = text.xcconfig; name = "Pods-QuitNowUITests.debug.xcconfig"; path = "Pods/Target Support Files/Pods-QuitNowUITests/Pods-QuitNowUITests.debug.xcconfig"; sourceTree = "<group>"; };
		F045D41BF50EAD0311DAC885 /* Pods-QuitNowTests.debug.xcconfig */ = {isa = PBXFileReference; includeInIndex = 1; lastKnownFileType = text.xcconfig; name = "Pods-QuitNowTests.debug.xcconfig"; path = "Pods/Target Support Files/Pods-QuitNowTests/Pods-QuitNowTests.debug.xcconfig"; sourceTree = "<group>"; };
		F8FD639CE89F8C7D3D6B4328 /* Pods-QuitNowTests.release.xcconfig */ = {isa = PBXFileReference; includeInIndex = 1; lastKnownFileType = text.xcconfig; name = "Pods-QuitNowTests.release.xcconfig"; path = "Pods/Target Support Files/Pods-QuitNowTests/Pods-QuitNowTests.release.xcconfig"; sourceTree = "<group>"; };
		F93D2F483DD29E2F58FC8201 /* Pods_QuitNowUITests.framework */ = {isa = PBXFileReference; explicitFileType = wrapper.framework; includeInIndex = 0; path = Pods_QuitNowUITests.framework; sourceTree = BUILT_PRODUCTS_DIR; };
/* End PBXFileReference section */

/* Begin PBXFrameworksBuildPhase section */
		27C9C77A1E67FC3C0084C8B5 /* Frameworks */ = {
			isa = PBXFrameworksBuildPhase;
			buildActionMask = 2147483647;
			files = (
				29325C2F3C018C44FC5818FA /* Pods_QuitNow.framework in Frameworks */,
			);
			runOnlyForDeploymentPostprocessing = 0;
		};
		27C9C78E1E67FC3C0084C8B5 /* Frameworks */ = {
			isa = PBXFrameworksBuildPhase;
			buildActionMask = 2147483647;
			files = (
				C111F383FC78B621452997B0 /* Pods_QuitNowTests.framework in Frameworks */,
			);
			runOnlyForDeploymentPostprocessing = 0;
		};
		27C9C7991E67FC3C0084C8B5 /* Frameworks */ = {
			isa = PBXFrameworksBuildPhase;
			buildActionMask = 2147483647;
			files = (
				7E16A0F9AF1061BFBA926305 /* Pods_QuitNowUITests.framework in Frameworks */,
			);
			runOnlyForDeploymentPostprocessing = 0;
		};
/* End PBXFrameworksBuildPhase section */

/* Begin PBXGroup section */
		27503E4C1E7B8127008B8927 /* Modal */ = {
			isa = PBXGroup;
			children = (
				277ED3FB1E681ACD0026B382 /* User.swift */,
				27503E481E7B7D4A008B8927 /* Goal.swift */,
				270B98ED1E88E85E009806B3 /* Contact.swift */,
				277ED3FD1E681E440026B382 /* Constants.swift */,
				27DAF5ED1E9B0FCC003C5CAE /* Question.swift */,
				279BD9D11EB999CF00689065 /* Answer.swift */,
			);
			name = Modal;
			sourceTree = "<group>";
		};
		277ED3F41E6807C10026B382 /* ViewControllers */ = {
			isa = PBXGroup;
			children = (
				27C9C7AE1E67FEA90084C8B5 /* SetUpViewController.swift */,
				277ED4051E6831520026B382 /* HomeViewController.swift */,
				2712DAA21E76FB85007C0726 /* SettingsViewController.swift */,
				27503E4F1E806F91008B8927 /* EditDefaultsViewController.swift */,
				2712DA9A1E6CD78E007C0726 /* GoalViewController.swift */,
				27B2AC4A1E834AF300589095 /* GoalDetailViewController.swift */,
				270B98E71E88E37E009806B3 /* ContactViewController.swift */,
				2763DF281E9A0C2600BEC23D /* QuestionsViewController.swift */,
				27DAF5F11E9C1283003C5CAE /* ReactionViewController.swift */,
			);
			name = ViewControllers;
			sourceTree = "<group>";
		};
		277ED3F51E6807CC0026B382 /* ViewModel */ = {
			isa = PBXGroup;
			children = (
				277ED3F61E6807F00026B382 /* SetUpDataProvider.swift */,
				277ED4071E6831820026B382 /* HomeDataProvider.swift */,
				2712DAA41E789849007C0726 /* SettingsDataProvider.swift */,
				27503E511E806FC0008B8927 /* EditDefaultsDataProvider.swift */,
				27503E4A1E7B80F2008B8927 /* GoalDataProvider.swift */,
				27B2AC4C1E834E0000589095 /* GoalDetailDataProvider.swift */,
				270B98E91E88E39B009806B3 /* ContactDataProvider.swift */,
				2763DF2A1E9A0C6500BEC23D /* QuestionsDataProvider.swift */,
				27DAF5F31E9C1291003C5CAE /* ReactionDataProvider.swift */,
			);
			name = ViewModel;
			sourceTree = "<group>";
		};
		277ED3F81E6808360026B382 /* View */ = {
			isa = PBXGroup;
			children = (
				277ED3F91E6808590026B382 /* QuestionTableViewCell.swift */,
				277ED4091E68C4B00026B382 /* ValueTableViewCell.swift */,
				27503EC11E828256008B8927 /* FirstButton.swift */,
				2712DAA61E789A93007C0726 /* PickerInputViewCell.swift */,
				27503E4D1E7B9440008B8927 /* GoalViewCell.swift */,
				27B2AC501E83BF0E00589095 /* GoalHeaderView.swift */,
				27BA920F1E962E4D003DF0C7 /* ContactHeaderView.swift */,
				27BA92111E963168003DF0C7 /* ContactViewCell.swift */,
				279BD9D31EBAAA1100689065 /* ReactionViewCell.swift */,
			);
			name = View;
			sourceTree = "<group>";
		};
		27C9C7741E67FC3C0084C8B5 = {
			isa = PBXGroup;
			children = (
				27C9C77F1E67FC3C0084C8B5 /* QuitNow */,
				27C9C7941E67FC3C0084C8B5 /* QuitNowTests */,
				27C9C79F1E67FC3C0084C8B5 /* QuitNowUITests */,
				27C9C77E1E67FC3C0084C8B5 /* Products */,
				B1540313F26C5A4780CE4617 /* Pods */,
				D08913406339A06F09010F10 /* Frameworks */,
			);
			sourceTree = "<group>";
		};
		27C9C77E1E67FC3C0084C8B5 /* Products */ = {
			isa = PBXGroup;
			children = (
				27C9C77D1E67FC3C0084C8B5 /* CanQuit.app */,
				27C9C7911E67FC3C0084C8B5 /* CanQuitTests.xctest */,
				27C9C79C1E67FC3C0084C8B5 /* CanQuitUITests.xctest */,
			);
			name = Products;
			sourceTree = "<group>";
		};
		27C9C77F1E67FC3C0084C8B5 /* QuitNow */ = {
			isa = PBXGroup;
			children = (
				27C9C7801E67FC3C0084C8B5 /* AppDelegate.swift */,
				27503E4C1E7B8127008B8927 /* Modal */,
				277ED3F81E6808360026B382 /* View */,
				277ED3F51E6807CC0026B382 /* ViewModel */,
				277ED3F41E6807C10026B382 /* ViewControllers */,
				27C9C78C1E67FC3C0084C8B5 /* Info.plist */,
				27B2AC4F1E83A4EC00589095 /* fontawesome-webfont.ttf */,
				2712DAA81E7A7E73007C0726 /* GoalsResource.plist */,
				270B98EB1E88E618009806B3 /* ContactsResource.plist */,
				2763DF2C1E9A0D1F00BEC23D /* QuestionsResource.plist */,
				27C9C7871E67FC3C0084C8B5 /* Assets.xcassets */,
			);
			path = QuitNow;
			sourceTree = "<group>";
		};
		27C9C7941E67FC3C0084C8B5 /* QuitNowTests */ = {
			isa = PBXGroup;
			children = (
				27C9C7951E67FC3C0084C8B5 /* QuitNowTests.swift */,
				27C9C7971E67FC3C0084C8B5 /* Info.plist */,
			);
			path = QuitNowTests;
			sourceTree = "<group>";
		};
		27C9C79F1E67FC3C0084C8B5 /* QuitNowUITests */ = {
			isa = PBXGroup;
			children = (
				27C9C7A01E67FC3C0084C8B5 /* QuitNowUITests.swift */,
				27C9C7A21E67FC3C0084C8B5 /* Info.plist */,
			);
			path = QuitNowUITests;
			sourceTree = "<group>";
		};
		B1540313F26C5A4780CE4617 /* Pods */ = {
			isa = PBXGroup;
			children = (
				29837C8E7ECD2CB6CA3F24AF /* Pods-QuitNow.debug.xcconfig */,
				2B8B3F793E6991610F8302C5 /* Pods-QuitNow.release.xcconfig */,
				F045D41BF50EAD0311DAC885 /* Pods-QuitNowTests.debug.xcconfig */,
				F8FD639CE89F8C7D3D6B4328 /* Pods-QuitNowTests.release.xcconfig */,
				DBABD88496DACE2554C200AD /* Pods-QuitNowUITests.debug.xcconfig */,
				523647B303856A6A4C8404F1 /* Pods-QuitNowUITests.release.xcconfig */,
			);
			name = Pods;
			sourceTree = "<group>";
		};
		D08913406339A06F09010F10 /* Frameworks */ = {
			isa = PBXGroup;
			children = (
				D3B72B8E547643DF6E1D3078 /* Pods_QuitNow.framework */,
				954C13AC11AB7BB77FAA8481 /* Pods_QuitNowTests.framework */,
				F93D2F483DD29E2F58FC8201 /* Pods_QuitNowUITests.framework */,
			);
			name = Frameworks;
			sourceTree = "<group>";
		};
/* End PBXGroup section */

/* Begin PBXNativeTarget section */
		27C9C77C1E67FC3C0084C8B5 /* CanQuit */ = {
			isa = PBXNativeTarget;
			buildConfigurationList = 27C9C7A51E67FC3C0084C8B5 /* Build configuration list for PBXNativeTarget "CanQuit" */;
			buildPhases = (
				F3F004330F475F05A407D125 /* [CP] Check Pods Manifest.lock */,
				27C9C7791E67FC3C0084C8B5 /* Sources */,
				27C9C77A1E67FC3C0084C8B5 /* Frameworks */,
				27C9C77B1E67FC3C0084C8B5 /* Resources */,
				55F5DCDC3D39755E50A318D2 /* [CP] Embed Pods Frameworks */,
				FF84E8B98B25080FA048BEE6 /* [CP] Copy Pods Resources */,
			);
			buildRules = (
			);
			dependencies = (
			);
			name = CanQuit;
			productName = QuitNow;
			productReference = 27C9C77D1E67FC3C0084C8B5 /* CanQuit.app */;
			productType = "com.apple.product-type.application";
		};
		27C9C7901E67FC3C0084C8B5 /* CanQuitTests */ = {
			isa = PBXNativeTarget;
			buildConfigurationList = 27C9C7A81E67FC3C0084C8B5 /* Build configuration list for PBXNativeTarget "CanQuitTests" */;
			buildPhases = (
				E2C60FE826D9B97517A3A6B2 /* [CP] Check Pods Manifest.lock */,
				27C9C78D1E67FC3C0084C8B5 /* Sources */,
				27C9C78E1E67FC3C0084C8B5 /* Frameworks */,
				27C9C78F1E67FC3C0084C8B5 /* Resources */,
				807A85D1AE41AF3604AC8B27 /* [CP] Embed Pods Frameworks */,
				3D3F9F4C4860178A0DE2EAE0 /* [CP] Copy Pods Resources */,
			);
			buildRules = (
			);
			dependencies = (
				27C9C7931E67FC3C0084C8B5 /* PBXTargetDependency */,
			);
			name = CanQuitTests;
			productName = QuitNowTests;
			productReference = 27C9C7911E67FC3C0084C8B5 /* CanQuitTests.xctest */;
			productType = "com.apple.product-type.bundle.unit-test";
		};
		27C9C79B1E67FC3C0084C8B5 /* CanQuitUITests */ = {
			isa = PBXNativeTarget;
			buildConfigurationList = 27C9C7AB1E67FC3C0084C8B5 /* Build configuration list for PBXNativeTarget "CanQuitUITests" */;
			buildPhases = (
				D55FD9B487BA6AB19AB6A364 /* [CP] Check Pods Manifest.lock */,
				27C9C7981E67FC3C0084C8B5 /* Sources */,
				27C9C7991E67FC3C0084C8B5 /* Frameworks */,
				27C9C79A1E67FC3C0084C8B5 /* Resources */,
				37A5F1731C1F8CC81BD8D4D5 /* [CP] Embed Pods Frameworks */,
				AC323DA7849C36B7FE27AEE0 /* [CP] Copy Pods Resources */,
			);
			buildRules = (
			);
			dependencies = (
				27C9C79E1E67FC3C0084C8B5 /* PBXTargetDependency */,
			);
			name = CanQuitUITests;
			productName = QuitNowUITests;
			productReference = 27C9C79C1E67FC3C0084C8B5 /* CanQuitUITests.xctest */;
			productType = "com.apple.product-type.bundle.ui-testing";
		};
/* End PBXNativeTarget section */

/* Begin PBXProject section */
		27C9C7751E67FC3C0084C8B5 /* Project object */ = {
			isa = PBXProject;
			attributes = {
				LastSwiftUpdateCheck = 0820;
				LastUpgradeCheck = 0820;
				ORGANIZATIONNAME = LISA;
				TargetAttributes = {
					27C9C77C1E67FC3C0084C8B5 = {
						CreatedOnToolsVersion = 8.2.1;
						DevelopmentTeam = 3F4825EUP7;
						ProvisioningStyle = Automatic;
					};
					27C9C7901E67FC3C0084C8B5 = {
						CreatedOnToolsVersion = 8.2.1;
						ProvisioningStyle = Automatic;
						TestTargetID = 27C9C77C1E67FC3C0084C8B5;
					};
					27C9C79B1E67FC3C0084C8B5 = {
						CreatedOnToolsVersion = 8.2.1;
						ProvisioningStyle = Automatic;
						TestTargetID = 27C9C77C1E67FC3C0084C8B5;
					};
				};
			};
			buildConfigurationList = 27C9C7781E67FC3C0084C8B5 /* Build configuration list for PBXProject "CanQuit" */;
			compatibilityVersion = "Xcode 3.2";
			developmentRegion = English;
			hasScannedForEncodings = 0;
			knownRegions = (
				en,
				Base,
			);
			mainGroup = 27C9C7741E67FC3C0084C8B5;
			productRefGroup = 27C9C77E1E67FC3C0084C8B5 /* Products */;
			projectDirPath = "";
			projectRoot = "";
			targets = (
				27C9C77C1E67FC3C0084C8B5 /* CanQuit */,
				27C9C7901E67FC3C0084C8B5 /* CanQuitTests */,
				27C9C79B1E67FC3C0084C8B5 /* CanQuitUITests */,
			);
		};
/* End PBXProject section */

/* Begin PBXResourcesBuildPhase section */
		27C9C77B1E67FC3C0084C8B5 /* Resources */ = {
			isa = PBXResourcesBuildPhase;
			buildActionMask = 2147483647;
			files = (
				2763DF2D1E9A0D1F00BEC23D /* QuestionsResource.plist in Resources */,
				27C9C7881E67FC3C0084C8B5 /* Assets.xcassets in Resources */,
				2712DAA91E7A7E73007C0726 /* GoalsResource.plist in Resources */,
				270B98EC1E88E618009806B3 /* ContactsResource.plist in Resources */,
			);
			runOnlyForDeploymentPostprocessing = 0;
		};
		27C9C78F1E67FC3C0084C8B5 /* Resources */ = {
			isa = PBXResourcesBuildPhase;
			buildActionMask = 2147483647;
			files = (
			);
			runOnlyForDeploymentPostprocessing = 0;
		};
		27C9C79A1E67FC3C0084C8B5 /* Resources */ = {
			isa = PBXResourcesBuildPhase;
			buildActionMask = 2147483647;
			files = (
			);
			runOnlyForDeploymentPostprocessing = 0;
		};
/* End PBXResourcesBuildPhase section */

/* Begin PBXShellScriptBuildPhase section */
		37A5F1731C1F8CC81BD8D4D5 /* [CP] Embed Pods Frameworks */ = {
			isa = PBXShellScriptBuildPhase;
			buildActionMask = 2147483647;
			files = (
			);
			inputPaths = (
			);
			name = "[CP] Embed Pods Frameworks";
			outputPaths = (
			);
			runOnlyForDeploymentPostprocessing = 0;
			shellPath = /bin/sh;
			shellScript = "\"${SRCROOT}/Pods/Target Support Files/Pods-QuitNowUITests/Pods-QuitNowUITests-frameworks.sh\"\n";
			showEnvVarsInLog = 0;
		};
		3D3F9F4C4860178A0DE2EAE0 /* [CP] Copy Pods Resources */ = {
			isa = PBXShellScriptBuildPhase;
			buildActionMask = 2147483647;
			files = (
			);
			inputPaths = (
			);
			name = "[CP] Copy Pods Resources";
			outputPaths = (
			);
			runOnlyForDeploymentPostprocessing = 0;
			shellPath = /bin/sh;
			shellScript = "\"${SRCROOT}/Pods/Target Support Files/Pods-QuitNowTests/Pods-QuitNowTests-resources.sh\"\n";
			showEnvVarsInLog = 0;
		};
		55F5DCDC3D39755E50A318D2 /* [CP] Embed Pods Frameworks */ = {
			isa = PBXShellScriptBuildPhase;
			buildActionMask = 2147483647;
			files = (
			);
			inputPaths = (
			);
			name = "[CP] Embed Pods Frameworks";
			outputPaths = (
			);
			runOnlyForDeploymentPostprocessing = 0;
			shellPath = /bin/sh;
			shellScript = "\"${SRCROOT}/Pods/Target Support Files/Pods-QuitNow/Pods-QuitNow-frameworks.sh\"\n";
			showEnvVarsInLog = 0;
		};
		807A85D1AE41AF3604AC8B27 /* [CP] Embed Pods Frameworks */ = {
			isa = PBXShellScriptBuildPhase;
			buildActionMask = 2147483647;
			files = (
			);
			inputPaths = (
			);
			name = "[CP] Embed Pods Frameworks";
			outputPaths = (
			);
			runOnlyForDeploymentPostprocessing = 0;
			shellPath = /bin/sh;
			shellScript = "\"${SRCROOT}/Pods/Target Support Files/Pods-QuitNowTests/Pods-QuitNowTests-frameworks.sh\"\n";
			showEnvVarsInLog = 0;
		};
		AC323DA7849C36B7FE27AEE0 /* [CP] Copy Pods Resources */ = {
			isa = PBXShellScriptBuildPhase;
			buildActionMask = 2147483647;
			files = (
			);
			inputPaths = (
			);
			name = "[CP] Copy Pods Resources";
			outputPaths = (
			);
			runOnlyForDeploymentPostprocessing = 0;
			shellPath = /bin/sh;
			shellScript = "\"${SRCROOT}/Pods/Target Support Files/Pods-QuitNowUITests/Pods-QuitNowUITests-resources.sh\"\n";
			showEnvVarsInLog = 0;
		};
		D55FD9B487BA6AB19AB6A364 /* [CP] Check Pods Manifest.lock */ = {
			isa = PBXShellScriptBuildPhase;
			buildActionMask = 2147483647;
			files = (
			);
			inputPaths = (
			);
			name = "[CP] Check Pods Manifest.lock";
			outputPaths = (
			);
			runOnlyForDeploymentPostprocessing = 0;
			shellPath = /bin/sh;
			shellScript = "diff \"${PODS_ROOT}/../Podfile.lock\" \"${PODS_ROOT}/Manifest.lock\" > /dev/null\nif [ $? != 0 ] ; then\n    # print error to STDERR\n    echo \"error: The sandbox is not in sync with the Podfile.lock. Run 'pod install' or update your CocoaPods installation.\" >&2\n    exit 1\nfi\n";
			showEnvVarsInLog = 0;
		};
		E2C60FE826D9B97517A3A6B2 /* [CP] Check Pods Manifest.lock */ = {
			isa = PBXShellScriptBuildPhase;
			buildActionMask = 2147483647;
			files = (
			);
			inputPaths = (
			);
			name = "[CP] Check Pods Manifest.lock";
			outputPaths = (
			);
			runOnlyForDeploymentPostprocessing = 0;
			shellPath = /bin/sh;
			shellScript = "diff \"${PODS_ROOT}/../Podfile.lock\" \"${PODS_ROOT}/Manifest.lock\" > /dev/null\nif [ $? != 0 ] ; then\n    # print error to STDERR\n    echo \"error: The sandbox is not in sync with the Podfile.lock. Run 'pod install' or update your CocoaPods installation.\" >&2\n    exit 1\nfi\n";
			showEnvVarsInLog = 0;
		};
		F3F004330F475F05A407D125 /* [CP] Check Pods Manifest.lock */ = {
			isa = PBXShellScriptBuildPhase;
			buildActionMask = 2147483647;
			files = (
			);
			inputPaths = (
			);
			name = "[CP] Check Pods Manifest.lock";
			outputPaths = (
			);
			runOnlyForDeploymentPostprocessing = 0;
			shellPath = /bin/sh;
			shellScript = "diff \"${PODS_ROOT}/../Podfile.lock\" \"${PODS_ROOT}/Manifest.lock\" > /dev/null\nif [ $? != 0 ] ; then\n    # print error to STDERR\n    echo \"error: The sandbox is not in sync with the Podfile.lock. Run 'pod install' or update your CocoaPods installation.\" >&2\n    exit 1\nfi\n";
			showEnvVarsInLog = 0;
		};
		FF84E8B98B25080FA048BEE6 /* [CP] Copy Pods Resources */ = {
			isa = PBXShellScriptBuildPhase;
			buildActionMask = 2147483647;
			files = (
			);
			inputPaths = (
			);
			name = "[CP] Copy Pods Resources";
			outputPaths = (
			);
			runOnlyForDeploymentPostprocessing = 0;
			shellPath = /bin/sh;
			shellScript = "\"${SRCROOT}/Pods/Target Support Files/Pods-QuitNow/Pods-QuitNow-resources.sh\"\n";
			showEnvVarsInLog = 0;
		};
/* End PBXShellScriptBuildPhase section */

/* Begin PBXSourcesBuildPhase section */
		27C9C7791E67FC3C0084C8B5 /* Sources */ = {
			isa = PBXSourcesBuildPhase;
			buildActionMask = 2147483647;
			files = (
				2712DAA71E789A93007C0726 /* PickerInputViewCell.swift in Sources */,
				277ED40A1E68C4B00026B382 /* ValueTableViewCell.swift in Sources */,
				27BA92101E962E4D003DF0C7 /* ContactHeaderView.swift in Sources */,
				270B98EE1E88E85E009806B3 /* Contact.swift in Sources */,
				27503EC21E828256008B8927 /* FirstButton.swift in Sources */,
				27BA92121E963168003DF0C7 /* ContactViewCell.swift in Sources */,
				2712DA9B1E6CD78E007C0726 /* GoalViewController.swift in Sources */,
				27B2AC511E83BF0E00589095 /* GoalHeaderView.swift in Sources */,
				270B98EA1E88E39B009806B3 /* ContactDataProvider.swift in Sources */,
				2712DAA31E76FB85007C0726 /* SettingsViewController.swift in Sources */,
				27C9C7AF1E67FEA90084C8B5 /* SetUpViewController.swift in Sources */,
				277ED3FA1E6808590026B382 /* QuestionTableViewCell.swift in Sources */,
				27503E491E7B7D4A008B8927 /* Goal.swift in Sources */,
				27C9C7811E67FC3C0084C8B5 /* AppDelegate.swift in Sources */,
				277ED3FC1E681ACD0026B382 /* User.swift in Sources */,
				27DAF5F41E9C1291003C5CAE /* ReactionDataProvider.swift in Sources */,
				27DAF5EE1E9B0FCC003C5CAE /* Question.swift in Sources */,
				279BD9D41EBAAA1100689065 /* ReactionViewCell.swift in Sources */,
				2712DAA51E789849007C0726 /* SettingsDataProvider.swift in Sources */,
				277ED3F71E6807F00026B382 /* SetUpDataProvider.swift in Sources */,
				27503E4E1E7B9440008B8927 /* GoalViewCell.swift in Sources */,
				270B98E81E88E37E009806B3 /* ContactViewController.swift in Sources */,
				27B2AC4D1E834E0000589095 /* GoalDetailDataProvider.swift in Sources */,
				277ED4061E6831520026B382 /* HomeViewController.swift in Sources */,
				2763DF2B1E9A0C6500BEC23D /* QuestionsDataProvider.swift in Sources */,
				27503E501E806F91008B8927 /* EditDefaultsViewController.swift in Sources */,
				27DAF5F21E9C1283003C5CAE /* ReactionViewController.swift in Sources */,
				2763DF291E9A0C2600BEC23D /* QuestionsViewController.swift in Sources */,
				279BD9D21EB999CF00689065 /* Answer.swift in Sources */,
				27503E521E806FC0008B8927 /* EditDefaultsDataProvider.swift in Sources */,
				27503E4B1E7B80F2008B8927 /* GoalDataProvider.swift in Sources */,
				277ED3FE1E681E440026B382 /* Constants.swift in Sources */,
				27B2AC4B1E834AF300589095 /* GoalDetailViewController.swift in Sources */,
				277ED4081E6831820026B382 /* HomeDataProvider.swift in Sources */,
			);
			runOnlyForDeploymentPostprocessing = 0;
		};
		27C9C78D1E67FC3C0084C8B5 /* Sources */ = {
			isa = PBXSourcesBuildPhase;
			buildActionMask = 2147483647;
			files = (
				27C9C7961E67FC3C0084C8B5 /* QuitNowTests.swift in Sources */,
			);
			runOnlyForDeploymentPostprocessing = 0;
		};
		27C9C7981E67FC3C0084C8B5 /* Sources */ = {
			isa = PBXSourcesBuildPhase;
			buildActionMask = 2147483647;
			files = (
				27C9C7A11E67FC3C0084C8B5 /* QuitNowUITests.swift in Sources */,
			);
			runOnlyForDeploymentPostprocessing = 0;
		};
/* End PBXSourcesBuildPhase section */

/* Begin PBXTargetDependency section */
		27C9C7931E67FC3C0084C8B5 /* PBXTargetDependency */ = {
			isa = PBXTargetDependency;
			target = 27C9C77C1E67FC3C0084C8B5 /* CanQuit */;
			targetProxy = 27C9C7921E67FC3C0084C8B5 /* PBXContainerItemProxy */;
		};
		27C9C79E1E67FC3C0084C8B5 /* PBXTargetDependency */ = {
			isa = PBXTargetDependency;
			target = 27C9C77C1E67FC3C0084C8B5 /* CanQuit */;
			targetProxy = 27C9C79D1E67FC3C0084C8B5 /* PBXContainerItemProxy */;
		};
/* End PBXTargetDependency section */

/* Begin XCBuildConfiguration section */
		27C9C7A31E67FC3C0084C8B5 /* Debug */ = {
			isa = XCBuildConfiguration;
			buildSettings = {
				ALWAYS_SEARCH_USER_PATHS = NO;
				CLANG_ANALYZER_NONNULL = YES;
				CLANG_CXX_LANGUAGE_STANDARD = "gnu++0x";
				CLANG_CXX_LIBRARY = "libc++";
				CLANG_ENABLE_MODULES = YES;
				CLANG_ENABLE_OBJC_ARC = YES;
				CLANG_WARN_BOOL_CONVERSION = YES;
				CLANG_WARN_CONSTANT_CONVERSION = YES;
				CLANG_WARN_DIRECT_OBJC_ISA_USAGE = YES_ERROR;
				CLANG_WARN_DOCUMENTATION_COMMENTS = YES;
				CLANG_WARN_EMPTY_BODY = YES;
				CLANG_WARN_ENUM_CONVERSION = YES;
				CLANG_WARN_INFINITE_RECURSION = YES;
				CLANG_WARN_INT_CONVERSION = YES;
				CLANG_WARN_OBJC_ROOT_CLASS = YES_ERROR;
				CLANG_WARN_SUSPICIOUS_MOVE = YES;
				CLANG_WARN_UNREACHABLE_CODE = YES;
				CLANG_WARN__DUPLICATE_METHOD_MATCH = YES;
				"CODE_SIGN_IDENTITY[sdk=iphoneos*]" = "iPhone Developer";
				COPY_PHASE_STRIP = NO;
				DEBUG_INFORMATION_FORMAT = dwarf;
				ENABLE_STRICT_OBJC_MSGSEND = YES;
				ENABLE_TESTABILITY = YES;
				GCC_C_LANGUAGE_STANDARD = gnu99;
				GCC_DYNAMIC_NO_PIC = NO;
				GCC_NO_COMMON_BLOCKS = YES;
				GCC_OPTIMIZATION_LEVEL = 0;
				GCC_PREPROCESSOR_DEFINITIONS = (
					"DEBUG=1",
					"$(inherited)",
				);
				GCC_WARN_64_TO_32_BIT_CONVERSION = YES;
				GCC_WARN_ABOUT_RETURN_TYPE = YES_ERROR;
				GCC_WARN_UNDECLARED_SELECTOR = YES;
				GCC_WARN_UNINITIALIZED_AUTOS = YES_AGGRESSIVE;
				GCC_WARN_UNUSED_FUNCTION = YES;
				GCC_WARN_UNUSED_VARIABLE = YES;
				IPHONEOS_DEPLOYMENT_TARGET = 10.2;
				MTL_ENABLE_DEBUG_INFO = YES;
				ONLY_ACTIVE_ARCH = YES;
				SDKROOT = iphoneos;
				SWIFT_ACTIVE_COMPILATION_CONDITIONS = DEBUG;
				SWIFT_OPTIMIZATION_LEVEL = "-Onone";
			};
			name = Debug;
		};
		27C9C7A41E67FC3C0084C8B5 /* Release */ = {
			isa = XCBuildConfiguration;
			buildSettings = {
				ALWAYS_SEARCH_USER_PATHS = NO;
				CLANG_ANALYZER_NONNULL = YES;
				CLANG_CXX_LANGUAGE_STANDARD = "gnu++0x";
				CLANG_CXX_LIBRARY = "libc++";
				CLANG_ENABLE_MODULES = YES;
				CLANG_ENABLE_OBJC_ARC = YES;
				CLANG_WARN_BOOL_CONVERSION = YES;
				CLANG_WARN_CONSTANT_CONVERSION = YES;
				CLANG_WARN_DIRECT_OBJC_ISA_USAGE = YES_ERROR;
				CLANG_WARN_DOCUMENTATION_COMMENTS = YES;
				CLANG_WARN_EMPTY_BODY = YES;
				CLANG_WARN_ENUM_CONVERSION = YES;
				CLANG_WARN_INFINITE_RECURSION = YES;
				CLANG_WARN_INT_CONVERSION = YES;
				CLANG_WARN_OBJC_ROOT_CLASS = YES_ERROR;
				CLANG_WARN_SUSPICIOUS_MOVE = YES;
				CLANG_WARN_UNREACHABLE_CODE = YES;
				CLANG_WARN__DUPLICATE_METHOD_MATCH = YES;
				"CODE_SIGN_IDENTITY[sdk=iphoneos*]" = "iPhone Developer";
				COPY_PHASE_STRIP = NO;
				DEBUG_INFORMATION_FORMAT = "dwarf-with-dsym";
				ENABLE_NS_ASSERTIONS = NO;
				ENABLE_STRICT_OBJC_MSGSEND = YES;
				GCC_C_LANGUAGE_STANDARD = gnu99;
				GCC_NO_COMMON_BLOCKS = YES;
				GCC_WARN_64_TO_32_BIT_CONVERSION = YES;
				GCC_WARN_ABOUT_RETURN_TYPE = YES_ERROR;
				GCC_WARN_UNDECLARED_SELECTOR = YES;
				GCC_WARN_UNINITIALIZED_AUTOS = YES_AGGRESSIVE;
				GCC_WARN_UNUSED_FUNCTION = YES;
				GCC_WARN_UNUSED_VARIABLE = YES;
				IPHONEOS_DEPLOYMENT_TARGET = 10.2;
				MTL_ENABLE_DEBUG_INFO = NO;
				SDKROOT = iphoneos;
				SWIFT_OPTIMIZATION_LEVEL = "-Owholemodule";
				VALIDATE_PRODUCT = YES;
			};
			name = Release;
		};
		27C9C7A61E67FC3C0084C8B5 /* Debug */ = {
			isa = XCBuildConfiguration;
			baseConfigurationReference = 29837C8E7ECD2CB6CA3F24AF /* Pods-QuitNow.debug.xcconfig */;
			buildSettings = {
				ASSETCATALOG_COMPILER_APPICON_NAME = AppIcon;
				ASSETCATALOG_COMPILER_LAUNCHIMAGE_NAME = LaunchImage;
				"CODE_SIGN_IDENTITY[sdk=iphoneos*]" = "iPhone Developer";
				DEVELOPMENT_TEAM = 3F4825EUP7;
				INFOPLIST_FILE = QuitNow/Info.plist;
				IPHONEOS_DEPLOYMENT_TARGET = 10.2;
				LD_RUNPATH_SEARCH_PATHS = "$(inherited) @executable_path/Frameworks";
				PRODUCT_BUNDLE_IDENTIFIER = com.LISA.QuitNow;
				PRODUCT_NAME = "$(TARGET_NAME)";
				SWIFT_VERSION = 3.0;
			};
			name = Debug;
		};
		27C9C7A71E67FC3C0084C8B5 /* Release */ = {
			isa = XCBuildConfiguration;
			baseConfigurationReference = 2B8B3F793E6991610F8302C5 /* Pods-QuitNow.release.xcconfig */;
			buildSettings = {
				ASSETCATALOG_COMPILER_APPICON_NAME = AppIcon;
				ASSETCATALOG_COMPILER_LAUNCHIMAGE_NAME = LaunchImage;
				"CODE_SIGN_IDENTITY[sdk=iphoneos*]" = "iPhone Developer";
				DEVELOPMENT_TEAM = 3F4825EUP7;
				INFOPLIST_FILE = QuitNow/Info.plist;
				IPHONEOS_DEPLOYMENT_TARGET = 10.2;
				LD_RUNPATH_SEARCH_PATHS = "$(inherited) @executable_path/Frameworks";
				PRODUCT_BUNDLE_IDENTIFIER = com.LISA.QuitNow;
				PRODUCT_NAME = "$(TARGET_NAME)";
				SWIFT_VERSION = 3.0;
			};
			name = Release;
		};
		27C9C7A91E67FC3C0084C8B5 /* Debug */ = {
			isa = XCBuildConfiguration;
			baseConfigurationReference = F045D41BF50EAD0311DAC885 /* Pods-QuitNowTests.debug.xcconfig */;
			buildSettings = {
				ALWAYS_EMBED_SWIFT_STANDARD_LIBRARIES = YES;
				BUNDLE_LOADER = "$(TEST_HOST)";
				INFOPLIST_FILE = QuitNowTests/Info.plist;
				LD_RUNPATH_SEARCH_PATHS = "$(inherited) @executable_path/Frameworks @loader_path/Frameworks";
				PRODUCT_BUNDLE_IDENTIFIER = LISA.QuitNowTests;
				PRODUCT_NAME = "$(TARGET_NAME)";
				SWIFT_VERSION = 3.0;
				TEST_HOST = "$(BUILT_PRODUCTS_DIR)/CanQuit.app/CanQuit";
			};
			name = Debug;
		};
		27C9C7AA1E67FC3C0084C8B5 /* Release */ = {
			isa = XCBuildConfiguration;
			baseConfigurationReference = F8FD639CE89F8C7D3D6B4328 /* Pods-QuitNowTests.release.xcconfig */;
			buildSettings = {
				ALWAYS_EMBED_SWIFT_STANDARD_LIBRARIES = YES;
				BUNDLE_LOADER = "$(TEST_HOST)";
				INFOPLIST_FILE = QuitNowTests/Info.plist;
				LD_RUNPATH_SEARCH_PATHS = "$(inherited) @executable_path/Frameworks @loader_path/Frameworks";
				PRODUCT_BUNDLE_IDENTIFIER = LISA.QuitNowTests;
				PRODUCT_NAME = "$(TARGET_NAME)";
				SWIFT_VERSION = 3.0;
				TEST_HOST = "$(BUILT_PRODUCTS_DIR)/CanQuit.app/CanQuit";
			};
			name = Release;
		};
		27C9C7AC1E67FC3C0084C8B5 /* Debug */ = {
			isa = XCBuildConfiguration;
			baseConfigurationReference = DBABD88496DACE2554C200AD /* Pods-QuitNowUITests.debug.xcconfig */;
			buildSettings = {
				ALWAYS_EMBED_SWIFT_STANDARD_LIBRARIES = YES;
				INFOPLIST_FILE = QuitNowUITests/Info.plist;
				LD_RUNPATH_SEARCH_PATHS = "$(inherited) @executable_path/Frameworks @loader_path/Frameworks";
				PRODUCT_BUNDLE_IDENTIFIER = LISA.QuitNowUITests;
				PRODUCT_NAME = "$(TARGET_NAME)";
				SWIFT_VERSION = 3.0;
				TEST_TARGET_NAME = QuitNow;
			};
			name = Debug;
		};
		27C9C7AD1E67FC3C0084C8B5 /* Release */ = {
			isa = XCBuildConfiguration;
			baseConfigurationReference = 523647B303856A6A4C8404F1 /* Pods-QuitNowUITests.release.xcconfig */;
			buildSettings = {
				ALWAYS_EMBED_SWIFT_STANDARD_LIBRARIES = YES;
				INFOPLIST_FILE = QuitNowUITests/Info.plist;
				LD_RUNPATH_SEARCH_PATHS = "$(inherited) @executable_path/Frameworks @loader_path/Frameworks";
				PRODUCT_BUNDLE_IDENTIFIER = LISA.QuitNowUITests;
				PRODUCT_NAME = "$(TARGET_NAME)";
				SWIFT_VERSION = 3.0;
				TEST_TARGET_NAME = QuitNow;
			};
			name = Release;
		};
/* End XCBuildConfiguration section */

/* Begin XCConfigurationList section */
		27C9C7781E67FC3C0084C8B5 /* Build configuration list for PBXProject "CanQuit" */ = {
			isa = XCConfigurationList;
			buildConfigurations = (
				27C9C7A31E67FC3C0084C8B5 /* Debug */,
				27C9C7A41E67FC3C0084C8B5 /* Release */,
			);
			defaultConfigurationIsVisible = 0;
			defaultConfigurationName = Release;
		};
		27C9C7A51E67FC3C0084C8B5 /* Build configuration list for PBXNativeTarget "CanQuit" */ = {
			isa = XCConfigurationList;
			buildConfigurations = (
				27C9C7A61E67FC3C0084C8B5 /* Debug */,
				27C9C7A71E67FC3C0084C8B5 /* Release */,
			);
			defaultConfigurationIsVisible = 0;
			defaultConfigurationName = Release;
		};
		27C9C7A81E67FC3C0084C8B5 /* Build configuration list for PBXNativeTarget "CanQuitTests" */ = {
			isa = XCConfigurationList;
			buildConfigurations = (
				27C9C7A91E67FC3C0084C8B5 /* Debug */,
				27C9C7AA1E67FC3C0084C8B5 /* Release */,
			);
			defaultConfigurationIsVisible = 0;
			defaultConfigurationName = Release;
		};
		27C9C7AB1E67FC3C0084C8B5 /* Build configuration list for PBXNativeTarget "CanQuitUITests" */ = {
			isa = XCConfigurationList;
			buildConfigurations = (
				27C9C7AC1E67FC3C0084C8B5 /* Debug */,
				27C9C7AD1E67FC3C0084C8B5 /* Release */,
			);
			defaultConfigurationIsVisible = 0;
			defaultConfigurationName = Release;
		};
/* End XCConfigurationList section */
	};
	rootObject = 27C9C7751E67FC3C0084C8B5 /* Project object */;
}
